
Microsoft Visual Studio Solution File, Format Version 12.00
# Visual Studio 15
VisualStudioVersion = 15.0.27428.2037
MinimumVisualStudioVersion = 10.0.40219.1
Project("{FAE04EC0-301F-11D3-BF4B-00C04F79EFBC}") = "Task3", "Task3\Task3.csproj", "{A6138156-20E4-4315-8905-B496E2712449}"
EndProject
Project("{FAE04EC0-301F-11D3-BF4B-00C04F79EFBC}") = "jsonSerz", "jsonSerz\jsonSerz.csproj", "{6F43BEDA-C86D-4A5C-AEA8-E4CBBDA4D0F9}"
EndProject
Global
	GlobalSection(SolutionConfigurationPlatforms) = preSolution
		Debug|Any CPU = Debug|Any CPU
		Release|Any CPU = Release|Any CPU
	EndGlobalSection
	GlobalSection(ProjectConfigurationPlatforms) = postSolution
		{A6138156-20E4-4315-8905-B496E2712449}.Debug|Any CPU.ActiveCfg = Debug|Any CPU
		{A6138156-20E4-4315-8905-B496E2712449}.Debug|Any CPU.Build.0 = Debug|Any CPU
		{A6138156-20E4-4315-8905-B496E2712449}.Release|Any CPU.ActiveCfg = Release|Any CPU
		{A6138156-20E4-4315-8905-B496E2712449}.Release|Any CPU.Build.0 = Release|Any CPU
		{6F43BEDA-C86D-4A5C-AEA8-E4CBBDA4D0F9}.Debug|Any CPU.ActiveCfg = Debug|Any CPU
		{6F43BEDA-C86D-4A5C-AEA8-E4CBBDA4D0F9}.Debug|Any CPU.Build.0 = Debug|Any CPU
		{6F43BEDA-C86D-4A5C-AEA8-E4CBBDA4D0F9}.Release|Any CPU.ActiveCfg = Release|Any CPU
		{6F43BEDA-C86D-4A5C-AEA8-E4CBBDA4D0F9}.Release|Any CPU.Build.0 = Release|Any CPU
	EndGlobalSection
	GlobalSection(SolutionProperties) = preSolution
		HideSolutionNode = FALSE
	EndGlobalSection
	GlobalSection(ExtensibilityGlobals) = postSolution
		SolutionGuid = {8029511C-E459-4C74-B70E-C927A0646D96}
	EndGlobalSection
EndGlobal
